
Microsoft Visual Studio Solution File, Format Version 12.00
# Visual Studio Version 17
VisualStudioVersion = 17.8.34330.188
MinimumVisualStudioVersion = 10.0.40219.1
Project("{9A19103F-16F7-4668-BE54-9A1E7A4F7556}") = "WebLucky_Serwer", "WebLucky_Serwer\WebLucky_Serwer.csproj", "{4A2BB054-A918-42E4-AA62-6D1DE639390E}"
EndProject
Project("{9A19103F-16F7-4668-BE54-9A1E7A4F7556}") = "WebLucky_Client", "WebLucky_Client\WebLucky_Client.csproj", "{F1F2D45E-8ECA-4281-A442-10815A013207}"
EndProject
Project("{9A19103F-16F7-4668-BE54-9A1E7A4F7556}") = "Tangy_Models", "Tangy_Models\Tangy_Models.csproj", "{0D28124C-E69D-4F6C-A5FB-21183C276B77}"
EndProject
Project("{9A19103F-16F7-4668-BE54-9A1E7A4F7556}") = "ConsoleApp1", "ConsoleApp1\ConsoleApp1.csproj", "{E0ACA1CC-4C9C-4153-8D7E-90D8872D50EA}"
EndProject
Project("{9A19103F-16F7-4668-BE54-9A1E7A4F7556}") = "RadzenApp", "RadzenApp\RadzenApp.csproj", "{C37C4B63-C065-4945-825D-624C78898562}"
EndProject
Project("{9A19103F-16F7-4668-BE54-9A1E7A4F7556}") = "Tangy_Business", "Tangy_Business\Tangy_Business.csproj", "{91BFA8AF-1022-4B19-B0C4-4B8DD1AC0CC9}"
EndProject
Project("{9A19103F-16F7-4668-BE54-9A1E7A4F7556}") = "Tangy_Common", "Tangy_Common\Tangy_Common.csproj", "{EB49C3B8-62D9-4762-8BC4-6E9739AA813B}"
EndProject
Project("{9A19103F-16F7-4668-BE54-9A1E7A4F7556}") = "Tangy_DataAccess_1", "Tangy_DataAccess_1\Tangy_DataAccess_1.csproj", "{4A26517A-9EFD-4856-8485-C487F4FB6CC8}"
EndProject
Project("{9A19103F-16F7-4668-BE54-9A1E7A4F7556}") = "WebLucky_API", "WebLucky_API\WebLucky_API.csproj", "{7B7F24D2-E050-454D-8DD5-8480C3A78C97}"
EndProject
Global
	GlobalSection(SolutionConfigurationPlatforms) = preSolution
		Debug|Any CPU = Debug|Any CPU
		Release|Any CPU = Release|Any CPU
	EndGlobalSection
	GlobalSection(ProjectConfigurationPlatforms) = postSolution
		{4A2BB054-A918-42E4-AA62-6D1DE639390E}.Debug|Any CPU.ActiveCfg = Debug|Any CPU
		{4A2BB054-A918-42E4-AA62-6D1DE639390E}.Debug|Any CPU.Build.0 = Debug|Any CPU
		{4A2BB054-A918-42E4-AA62-6D1DE639390E}.Release|Any CPU.ActiveCfg = Release|Any CPU
		{4A2BB054-A918-42E4-AA62-6D1DE639390E}.Release|Any CPU.Build.0 = Release|Any CPU
		{F1F2D45E-8ECA-4281-A442-10815A013207}.Debug|Any CPU.ActiveCfg = Debug|Any CPU
		{F1F2D45E-8ECA-4281-A442-10815A013207}.Debug|Any CPU.Build.0 = Debug|Any CPU
		{F1F2D45E-8ECA-4281-A442-10815A013207}.Release|Any CPU.ActiveCfg = Release|Any CPU
		{F1F2D45E-8ECA-4281-A442-10815A013207}.Release|Any CPU.Build.0 = Release|Any CPU
		{0D28124C-E69D-4F6C-A5FB-21183C276B77}.Debug|Any CPU.ActiveCfg = Debug|Any CPU
		{0D28124C-E69D-4F6C-A5FB-21183C276B77}.Debug|Any CPU.Build.0 = Debug|Any CPU
		{0D28124C-E69D-4F6C-A5FB-21183C276B77}.Release|Any CPU.ActiveCfg = Release|Any CPU
		{0D28124C-E69D-4F6C-A5FB-21183C276B77}.Release|Any CPU.Build.0 = Release|Any CPU
		{E0ACA1CC-4C9C-4153-8D7E-90D8872D50EA}.Debug|Any CPU.ActiveCfg = Debug|Any CPU
		{E0ACA1CC-4C9C-4153-8D7E-90D8872D50EA}.Debug|Any CPU.Build.0 = Debug|Any CPU
		{E0ACA1CC-4C9C-4153-8D7E-90D8872D50EA}.Release|Any CPU.ActiveCfg = Release|Any CPU
		{E0ACA1CC-4C9C-4153-8D7E-90D8872D50EA}.Release|Any CPU.Build.0 = Release|Any CPU
		{C37C4B63-C065-4945-825D-624C78898562}.Debug|Any CPU.ActiveCfg = Debug|Any CPU
		{C37C4B63-C065-4945-825D-624C78898562}.Debug|Any CPU.Build.0 = Debug|Any CPU
		{C37C4B63-C065-4945-825D-624C78898562}.Release|Any CPU.ActiveCfg = Release|Any CPU
		{C37C4B63-C065-4945-825D-624C78898562}.Release|Any CPU.Build.0 = Release|Any CPU
		{91BFA8AF-1022-4B19-B0C4-4B8DD1AC0CC9}.Debug|Any CPU.ActiveCfg = Debug|Any CPU
		{91BFA8AF-1022-4B19-B0C4-4B8DD1AC0CC9}.Debug|Any CPU.Build.0 = Debug|Any CPU
		{91BFA8AF-1022-4B19-B0C4-4B8DD1AC0CC9}.Release|Any CPU.ActiveCfg = Release|Any CPU
		{91BFA8AF-1022-4B19-B0C4-4B8DD1AC0CC9}.Release|Any CPU.Build.0 = Release|Any CPU
		{EB49C3B8-62D9-4762-8BC4-6E9739AA813B}.Debug|Any CPU.ActiveCfg = Debug|Any CPU
		{EB49C3B8-62D9-4762-8BC4-6E9739AA813B}.Debug|Any CPU.Build.0 = Debug|Any CPU
		{EB49C3B8-62D9-4762-8BC4-6E9739AA813B}.Release|Any CPU.ActiveCfg = Release|Any CPU
		{EB49C3B8-62D9-4762-8BC4-6E9739AA813B}.Release|Any CPU.Build.0 = Release|Any CPU
		{4A26517A-9EFD-4856-8485-C487F4FB6CC8}.Debug|Any CPU.ActiveCfg = Debug|Any CPU
		{4A26517A-9EFD-4856-8485-C487F4FB6CC8}.Debug|Any CPU.Build.0 = Debug|Any CPU
		{4A26517A-9EFD-4856-8485-C487F4FB6CC8}.Release|Any CPU.ActiveCfg = Release|Any CPU
		{4A26517A-9EFD-4856-8485-C487F4FB6CC8}.Release|Any CPU.Build.0 = Release|Any CPU
		{7B7F24D2-E050-454D-8DD5-8480C3A78C97}.Debug|Any CPU.ActiveCfg = Debug|Any CPU
		{7B7F24D2-E050-454D-8DD5-8480C3A78C97}.Debug|Any CPU.Build.0 = Debug|Any CPU
		{7B7F24D2-E050-454D-8DD5-8480C3A78C97}.Release|Any CPU.ActiveCfg = Release|Any CPU
		{7B7F24D2-E050-454D-8DD5-8480C3A78C97}.Release|Any CPU.Build.0 = Release|Any CPU
	EndGlobalSection
	GlobalSection(SolutionProperties) = preSolution
		HideSolutionNode = FALSE
	EndGlobalSection
	GlobalSection(ExtensibilityGlobals) = postSolution
		SolutionGuid = {477B1068-C21B-4559-8F93-C393B5894E12}
	EndGlobalSection
EndGlobal
